
Microsoft Visual Studio Solution File, Format Version 12.00
# Visual Studio 15
VisualStudioVersion = 15.0.28307.102
MinimumVisualStudioVersion = 10.0.40219.1
Project("{FAE04EC0-301F-11D3-BF4B-00C04F79EFBC}") = "SerialCommunicationTest", "SerialCommunicationTest\SerialCommunicationTest.csproj", "{C234C27D-5A66-43AD-9B9E-0E1A19ECBC3A}"
EndProject
Global
	GlobalSection(SolutionConfigurationPlatforms) = preSolution
		Debug|Any CPU = Debug|Any CPU
		Release|Any CPU = Release|Any CPU
	EndGlobalSection
	GlobalSection(ProjectConfigurationPlatforms) = postSolution
		{C234C27D-5A66-43AD-9B9E-0E1A19ECBC3A}.Debug|Any CPU.ActiveCfg = Debug|Any CPU
		{C234C27D-5A66-43AD-9B9E-0E1A19ECBC3A}.Debug|Any CPU.Build.0 = Debug|Any CPU
		{C234C27D-5A66-43AD-9B9E-0E1A19ECBC3A}.Release|Any CPU.ActiveCfg = Release|Any CPU
		{C234C27D-5A66-43AD-9B9E-0E1A19ECBC3A}.Release|Any CPU.Build.0 = Release|Any CPU
	EndGlobalSection
	GlobalSection(SolutionProperties) = preSolution
		HideSolutionNode = FALSE
	EndGlobalSection
	GlobalSection(ExtensibilityGlobals) = postSolution
		SolutionGuid = {AB1C62A2-E9FF-4424-ADEF-70355A722E32}
	EndGlobalSection
EndGlobal
